
Microsoft Visual Studio Solution File, Format Version 12.00
# Visual Studio Version 17
VisualStudioVersion = 17.8.34316.72
MinimumVisualStudioVersion = 10.0.40219.1
Project("{FAE04EC0-301F-11D3-BF4B-00C04F79EFBC}") = "AppView", "ThiThu_NEY105\AppView.csproj", "{0C0692CC-74B6-49A3-B34A-38A4FF40E76B}"
EndProject
Project("{FAE04EC0-301F-11D3-BF4B-00C04F79EFBC}") = "AppData", "AppData\AppData.csproj", "{C704DF2F-8B75-4CA1-8B9F-B395C9394F2B}"
EndProject
Project("{FAE04EC0-301F-11D3-BF4B-00C04F79EFBC}") = "AppAPI", "AppAPI\AppAPI.csproj", "{9EC95E58-C796-47F3-83D2-6C6FACD97997}"
EndProject
Global
	GlobalSection(SolutionConfigurationPlatforms) = preSolution
		Debug|Any CPU = Debug|Any CPU
		Release|Any CPU = Release|Any CPU
	EndGlobalSection
	GlobalSection(ProjectConfigurationPlatforms) = postSolution
		{0C0692CC-74B6-49A3-B34A-38A4FF40E76B}.Debug|Any CPU.ActiveCfg = Debug|Any CPU
		{0C0692CC-74B6-49A3-B34A-38A4FF40E76B}.Debug|Any CPU.Build.0 = Debug|Any CPU
		{0C0692CC-74B6-49A3-B34A-38A4FF40E76B}.Release|Any CPU.ActiveCfg = Release|Any CPU
		{0C0692CC-74B6-49A3-B34A-38A4FF40E76B}.Release|Any CPU.Build.0 = Release|Any CPU
		{C704DF2F-8B75-4CA1-8B9F-B395C9394F2B}.Debug|Any CPU.ActiveCfg = Debug|Any CPU
		{C704DF2F-8B75-4CA1-8B9F-B395C9394F2B}.Debug|Any CPU.Build.0 = Debug|Any CPU
		{C704DF2F-8B75-4CA1-8B9F-B395C9394F2B}.Release|Any CPU.ActiveCfg = Release|Any CPU
		{C704DF2F-8B75-4CA1-8B9F-B395C9394F2B}.Release|Any CPU.Build.0 = Release|Any CPU
		{9EC95E58-C796-47F3-83D2-6C6FACD97997}.Debug|Any CPU.ActiveCfg = Debug|Any CPU
		{9EC95E58-C796-47F3-83D2-6C6FACD97997}.Debug|Any CPU.Build.0 = Debug|Any CPU
		{9EC95E58-C796-47F3-83D2-6C6FACD97997}.Release|Any CPU.ActiveCfg = Release|Any CPU
		{9EC95E58-C796-47F3-83D2-6C6FACD97997}.Release|Any CPU.Build.0 = Release|Any CPU
	EndGlobalSection
	GlobalSection(SolutionProperties) = preSolution
		HideSolutionNode = FALSE
	EndGlobalSection
	GlobalSection(ExtensibilityGlobals) = postSolution
		SolutionGuid = {A406A0DC-EAE3-42EC-A327-9BE28A2EC2C0}
	EndGlobalSection
EndGlobal
